Microsoft Visual Studio Solution File, Format Version 12.00
# Visual Studio 2012
Project("{FAE04EC0-301F-11D3-BF4B-00C04F79EFBC}") = "TheMysticalForest", "TheMysticalForest.csproj", "{F9D91DE8-48D8-40FB-BA5E-967582F54690}"
EndProject
Global
	GlobalSection(SolutionConfigurationPlatforms) = preSolution
	Debug|Any CPU = Debug|Any CPU
	ExportDebug|Any CPU = ExportDebug|Any CPU
	ExportRelease|Any CPU = ExportRelease|Any CPU
	EndGlobalSection
	GlobalSection(ProjectConfigurationPlatforms) = postSolution
		{F9D91DE8-48D8-40FB-BA5E-967582F54690}.Debug|Any CPU.ActiveCfg = Debug|Any CPU
		{F9D91DE8-48D8-40FB-BA5E-967582F54690}.Debug|Any CPU.Build.0 = Debug|Any CPU
		{F9D91DE8-48D8-40FB-BA5E-967582F54690}.ExportDebug|Any CPU.ActiveCfg = ExportDebug|Any CPU
		{F9D91DE8-48D8-40FB-BA5E-967582F54690}.ExportDebug|Any CPU.Build.0 = ExportDebug|Any CPU
		{F9D91DE8-48D8-40FB-BA5E-967582F54690}.ExportRelease|Any CPU.ActiveCfg = ExportRelease|Any CPU
		{F9D91DE8-48D8-40FB-BA5E-967582F54690}.ExportRelease|Any CPU.Build.0 = ExportRelease|Any CPU
	EndGlobalSection
EndGlobal
